
Microsoft Visual Studio Solution File, Format Version 12.00
# Visual Studio Version 17
VisualStudioVersion = 17.0.31903.59
MinimumVisualStudioVersion = 10.0.40219.1
Project("{FAE04EC0-301F-11D3-BF4B-00C04F79EFBC}") = "NioxVF.Domain", "NioxVF.Domain\NioxVF.Domain.csproj", "{275621FB-C998-4084-A411-8113006A72EF}"
EndProject
Project("{FAE04EC0-301F-11D3-BF4B-00C04F79EFBC}") = "NioxVF.Api", "NioxVF.Api\NioxVF.Api.csproj", "{A54CDE8E-0F83-4DF9-899D-B6323A630ACC}"
EndProject
Project("{FAE04EC0-301F-11D3-BF4B-00C04F79EFBC}") = "NioxVF.Agent", "NioxVF.Agent\NioxVF.Agent.csproj", "{6095A481-9373-405C-B9D7-2112B9D48E0A}"
EndProject
Project("{FAE04EC0-301F-11D3-BF4B-00C04F79EFBC}") = "NioxVF.Signing", "NioxVF.Signing\NioxVF.Signing.csproj", "{B05E9A7E-7FAF-4AB0-B37B-E7B242B4702C}"
EndProject
Project("{FAE04EC0-301F-11D3-BF4B-00C04F79EFBC}") = "NioxVF.AeatSoap", "NioxVF.AeatSoap\NioxVF.AeatSoap.csproj", "{7DCE248A-A721-47BE-BD42-FCACDD53A53A}"
EndProject
Project("{FAE04EC0-301F-11D3-BF4B-00C04F79EFBC}") = "NioxVF.Qr", "NioxVF.Qr\NioxVF.Qr.csproj", "{8D9A65B3-691B-4948-A5FF-F100E36665DD}"
EndProject
Project("{FAE04EC0-301F-11D3-BF4B-00C04F79EFBC}") = "NioxVF.Persistence", "NioxVF.Persistence\NioxVF.Persistence.csproj", "{4A391BD0-625D-45BD-BDC4-6B9DF76ED0F6}"
EndProject
Project("{FAE04EC0-301F-11D3-BF4B-00C04F79EFBC}") = "NioxVF.Persistence.Sqlite", "NioxVF.Persistence.Sqlite\NioxVF.Persistence.Sqlite.csproj", "{5B391BD0-625D-45BD-BDC4-6B9DF76ED0F7}"
EndProject
Project("{FAE04EC0-301F-11D3-BF4B-00C04F79EFBC}") = "NioxVF.Persistence.Tests", "NioxVF.Persistence.Tests\NioxVF.Persistence.Tests.csproj", "{2C49A439-9651-4DEE-A364-18E73B99DA92}"
EndProject
Global
	GlobalSection(SolutionConfigurationPlatforms) = preSolution
		Debug|Any CPU = Debug|Any CPU
		Debug|x64 = Debug|x64
		Debug|x86 = Debug|x86
		Release|Any CPU = Release|Any CPU
		Release|x64 = Release|x64
		Release|x86 = Release|x86
	EndGlobalSection
	GlobalSection(ProjectConfigurationPlatforms) = postSolution
		{275621FB-C998-4084-A411-8113006A72EF}.Debug|Any CPU.ActiveCfg = Debug|Any CPU
		{275621FB-C998-4084-A411-8113006A72EF}.Debug|Any CPU.Build.0 = Debug|Any CPU
		{275621FB-C998-4084-A411-8113006A72EF}.Debug|x64.ActiveCfg = Debug|Any CPU
		{275621FB-C998-4084-A411-8113006A72EF}.Debug|x64.Build.0 = Debug|Any CPU
		{275621FB-C998-4084-A411-8113006A72EF}.Debug|x86.ActiveCfg = Debug|Any CPU
		{275621FB-C998-4084-A411-8113006A72EF}.Debug|x86.Build.0 = Debug|Any CPU
		{275621FB-C998-4084-A411-8113006A72EF}.Release|Any CPU.ActiveCfg = Release|Any CPU
		{275621FB-C998-4084-A411-8113006A72EF}.Release|Any CPU.Build.0 = Release|Any CPU
		{275621FB-C998-4084-A411-8113006A72EF}.Release|x64.ActiveCfg = Release|Any CPU
		{275621FB-C998-4084-A411-8113006A72EF}.Release|x64.Build.0 = Release|Any CPU
		{275621FB-C998-4084-A411-8113006A72EF}.Release|x86.ActiveCfg = Release|Any CPU
		{275621FB-C998-4084-A411-8113006A72EF}.Release|x86.Build.0 = Release|Any CPU
		{A54CDE8E-0F83-4DF9-899D-B6323A630ACC}.Debug|Any CPU.ActiveCfg = Debug|Any CPU
		{A54CDE8E-0F83-4DF9-899D-B6323A630ACC}.Debug|Any CPU.Build.0 = Debug|Any CPU
		{A54CDE8E-0F83-4DF9-899D-B6323A630ACC}.Debug|x64.ActiveCfg = Debug|Any CPU
		{A54CDE8E-0F83-4DF9-899D-B6323A630ACC}.Debug|x64.Build.0 = Debug|Any CPU
		{A54CDE8E-0F83-4DF9-899D-B6323A630ACC}.Debug|x86.ActiveCfg = Debug|Any CPU
		{A54CDE8E-0F83-4DF9-899D-B6323A630ACC}.Debug|x86.Build.0 = Debug|Any CPU
		{A54CDE8E-0F83-4DF9-899D-B6323A630ACC}.Release|Any CPU.ActiveCfg = Release|Any CPU
		{A54CDE8E-0F83-4DF9-899D-B6323A630ACC}.Release|Any CPU.Build.0 = Release|Any CPU
		{A54CDE8E-0F83-4DF9-899D-B6323A630ACC}.Release|x64.ActiveCfg = Release|Any CPU
		{A54CDE8E-0F83-4DF9-899D-B6323A630ACC}.Release|x64.Build.0 = Release|Any CPU
		{A54CDE8E-0F83-4DF9-899D-B6323A630ACC}.Release|x86.ActiveCfg = Release|Any CPU
		{A54CDE8E-0F83-4DF9-899D-B6323A630ACC}.Release|x86.Build.0 = Release|Any CPU
		{6095A481-9373-405C-B9D7-2112B9D48E0A}.Debug|Any CPU.ActiveCfg = Debug|Any CPU
		{6095A481-9373-405C-B9D7-2112B9D48E0A}.Debug|Any CPU.Build.0 = Debug|Any CPU
		{6095A481-9373-405C-B9D7-2112B9D48E0A}.Debug|x64.ActiveCfg = Debug|Any CPU
		{6095A481-9373-405C-B9D7-2112B9D48E0A}.Debug|x64.Build.0 = Debug|Any CPU
		{6095A481-9373-405C-B9D7-2112B9D48E0A}.Debug|x86.ActiveCfg = Debug|Any CPU
		{6095A481-9373-405C-B9D7-2112B9D48E0A}.Debug|x86.Build.0 = Debug|Any CPU
		{6095A481-9373-405C-B9D7-2112B9D48E0A}.Release|Any CPU.ActiveCfg = Release|Any CPU
		{6095A481-9373-405C-B9D7-2112B9D48E0A}.Release|Any CPU.Build.0 = Release|Any CPU
		{6095A481-9373-405C-B9D7-2112B9D48E0A}.Release|x64.ActiveCfg = Release|Any CPU
		{6095A481-9373-405C-B9D7-2112B9D48E0A}.Release|x64.Build.0 = Release|Any CPU
		{6095A481-9373-405C-B9D7-2112B9D48E0A}.Release|x86.ActiveCfg = Release|Any CPU
		{6095A481-9373-405C-B9D7-2112B9D48E0A}.Release|x86.Build.0 = Release|Any CPU
		{B05E9A7E-7FAF-4AB0-B37B-E7B242B4702C}.Debug|Any CPU.ActiveCfg = Debug|Any CPU
		{B05E9A7E-7FAF-4AB0-B37B-E7B242B4702C}.Debug|Any CPU.Build.0 = Debug|Any CPU
		{B05E9A7E-7FAF-4AB0-B37B-E7B242B4702C}.Debug|x64.ActiveCfg = Debug|Any CPU
		{B05E9A7E-7FAF-4AB0-B37B-E7B242B4702C}.Debug|x64.Build.0 = Debug|Any CPU
		{B05E9A7E-7FAF-4AB0-B37B-E7B242B4702C}.Debug|x86.ActiveCfg = Debug|Any CPU
		{B05E9A7E-7FAF-4AB0-B37B-E7B242B4702C}.Debug|x86.Build.0 = Debug|Any CPU
		{B05E9A7E-7FAF-4AB0-B37B-E7B242B4702C}.Release|Any CPU.ActiveCfg = Release|Any CPU
		{B05E9A7E-7FAF-4AB0-B37B-E7B242B4702C}.Release|Any CPU.Build.0 = Release|Any CPU
		{B05E9A7E-7FAF-4AB0-B37B-E7B242B4702C}.Release|x64.ActiveCfg = Release|Any CPU
		{B05E9A7E-7FAF-4AB0-B37B-E7B242B4702C}.Release|x64.Build.0 = Release|Any CPU
		{B05E9A7E-7FAF-4AB0-B37B-E7B242B4702C}.Release|x86.ActiveCfg = Release|Any CPU
		{B05E9A7E-7FAF-4AB0-B37B-E7B242B4702C}.Release|x86.Build.0 = Release|Any CPU
		{7DCE248A-A721-47BE-BD42-FCACDD53A53A}.Debug|Any CPU.ActiveCfg = Debug|Any CPU
		{7DCE248A-A721-47BE-BD42-FCACDD53A53A}.Debug|Any CPU.Build.0 = Debug|Any CPU
		{7DCE248A-A721-47BE-BD42-FCACDD53A53A}.Debug|x64.ActiveCfg = Debug|Any CPU
		{7DCE248A-A721-47BE-BD42-FCACDD53A53A}.Debug|x64.Build.0 = Debug|Any CPU
		{7DCE248A-A721-47BE-BD42-FCACDD53A53A}.Debug|x86.ActiveCfg = Debug|Any CPU
		{7DCE248A-A721-47BE-BD42-FCACDD53A53A}.Debug|x86.Build.0 = Debug|Any CPU
		{7DCE248A-A721-47BE-BD42-FCACDD53A53A}.Release|Any CPU.ActiveCfg = Release|Any CPU
		{7DCE248A-A721-47BE-BD42-FCACDD53A53A}.Release|Any CPU.Build.0 = Release|Any CPU
		{7DCE248A-A721-47BE-BD42-FCACDD53A53A}.Release|x64.ActiveCfg = Release|Any CPU
		{7DCE248A-A721-47BE-BD42-FCACDD53A53A}.Release|x64.Build.0 = Release|Any CPU
		{7DCE248A-A721-47BE-BD42-FCACDD53A53A}.Release|x86.ActiveCfg = Release|Any CPU
		{7DCE248A-A721-47BE-BD42-FCACDD53A53A}.Release|x86.Build.0 = Release|Any CPU
		{8D9A65B3-691B-4948-A5FF-F100E36665DD}.Debug|Any CPU.ActiveCfg = Debug|Any CPU
		{8D9A65B3-691B-4948-A5FF-F100E36665DD}.Debug|Any CPU.Build.0 = Debug|Any CPU
		{8D9A65B3-691B-4948-A5FF-F100E36665DD}.Debug|x64.ActiveCfg = Debug|Any CPU
		{8D9A65B3-691B-4948-A5FF-F100E36665DD}.Debug|x64.Build.0 = Debug|Any CPU
		{8D9A65B3-691B-4948-A5FF-F100E36665DD}.Debug|x86.ActiveCfg = Debug|Any CPU
		{8D9A65B3-691B-4948-A5FF-F100E36665DD}.Debug|x86.Build.0 = Debug|Any CPU
		{8D9A65B3-691B-4948-A5FF-F100E36665DD}.Release|Any CPU.ActiveCfg = Release|Any CPU
		{8D9A65B3-691B-4948-A5FF-F100E36665DD}.Release|Any CPU.Build.0 = Release|Any CPU
		{8D9A65B3-691B-4948-A5FF-F100E36665DD}.Release|x64.ActiveCfg = Release|Any CPU
		{8D9A65B3-691B-4948-A5FF-F100E36665DD}.Release|x64.Build.0 = Release|Any CPU
		{8D9A65B3-691B-4948-A5FF-F100E36665DD}.Release|x86.ActiveCfg = Release|Any CPU
		{8D9A65B3-691B-4948-A5FF-F100E36665DD}.Release|x86.Build.0 = Release|Any CPU
		{4A391BD0-625D-45BD-BDC4-6B9DF76ED0F6}.Debug|Any CPU.ActiveCfg = Debug|Any CPU
		{4A391BD0-625D-45BD-BDC4-6B9DF76ED0F6}.Debug|Any CPU.Build.0 = Debug|Any CPU
		{4A391BD0-625D-45BD-BDC4-6B9DF76ED0F6}.Debug|x64.ActiveCfg = Debug|Any CPU
		{4A391BD0-625D-45BD-BDC4-6B9DF76ED0F6}.Debug|x64.Build.0 = Debug|Any CPU
		{4A391BD0-625D-45BD-BDC4-6B9DF76ED0F6}.Debug|x86.ActiveCfg = Debug|Any CPU
		{4A391BD0-625D-45BD-BDC4-6B9DF76ED0F6}.Debug|x86.Build.0 = Debug|Any CPU
		{4A391BD0-625D-45BD-BDC4-6B9DF76ED0F6}.Release|Any CPU.ActiveCfg = Release|Any CPU
		{4A391BD0-625D-45BD-BDC4-6B9DF76ED0F6}.Release|Any CPU.Build.0 = Release|Any CPU
		{4A391BD0-625D-45BD-BDC4-6B9DF76ED0F6}.Release|x64.ActiveCfg = Release|Any CPU
		{4A391BD0-625D-45BD-BDC4-6B9DF76ED0F6}.Release|x64.Build.0 = Release|Any CPU
		{4A391BD0-625D-45BD-BDC4-6B9DF76ED0F6}.Release|x86.ActiveCfg = Release|Any CPU
		{4A391BD0-625D-45BD-BDC4-6B9DF76ED0F6}.Release|x86.Build.0 = Release|Any CPU
		{5B391BD0-625D-45BD-BDC4-6B9DF76ED0F7}.Debug|Any CPU.ActiveCfg = Debug|Any CPU
		{5B391BD0-625D-45BD-BDC4-6B9DF76ED0F7}.Debug|Any CPU.Build.0 = Debug|Any CPU
		{5B391BD0-625D-45BD-BDC4-6B9DF76ED0F7}.Debug|x64.ActiveCfg = Debug|Any CPU
		{5B391BD0-625D-45BD-BDC4-6B9DF76ED0F7}.Debug|x64.Build.0 = Debug|Any CPU
		{5B391BD0-625D-45BD-BDC4-6B9DF76ED0F7}.Debug|x86.ActiveCfg = Debug|Any CPU
		{5B391BD0-625D-45BD-BDC4-6B9DF76ED0F7}.Debug|x86.Build.0 = Debug|Any CPU
		{5B391BD0-625D-45BD-BDC4-6B9DF76ED0F7}.Release|Any CPU.ActiveCfg = Release|Any CPU
		{5B391BD0-625D-45BD-BDC4-6B9DF76ED0F7}.Release|Any CPU.Build.0 = Release|Any CPU
		{5B391BD0-625D-45BD-BDC4-6B9DF76ED0F7}.Release|x64.ActiveCfg = Release|Any CPU
		{5B391BD0-625D-45BD-BDC4-6B9DF76ED0F7}.Release|x64.Build.0 = Release|Any CPU
		{5B391BD0-625D-45BD-BDC4-6B9DF76ED0F7}.Release|x86.ActiveCfg = Release|Any CPU
		{5B391BD0-625D-45BD-BDC4-6B9DF76ED0F7}.Release|x86.Build.0 = Release|Any CPU
		{2C49A439-9651-4DEE-A364-18E73B99DA92}.Debug|Any CPU.ActiveCfg = Debug|Any CPU
		{2C49A439-9651-4DEE-A364-18E73B99DA92}.Debug|Any CPU.Build.0 = Debug|Any CPU
		{2C49A439-9651-4DEE-A364-18E73B99DA92}.Debug|x64.ActiveCfg = Debug|Any CPU
		{2C49A439-9651-4DEE-A364-18E73B99DA92}.Debug|x64.Build.0 = Debug|Any CPU
		{2C49A439-9651-4DEE-A364-18E73B99DA92}.Debug|x86.ActiveCfg = Debug|Any CPU
		{2C49A439-9651-4DEE-A364-18E73B99DA92}.Debug|x86.Build.0 = Debug|Any CPU
		{2C49A439-9651-4DEE-A364-18E73B99DA92}.Release|Any CPU.ActiveCfg = Release|Any CPU
		{2C49A439-9651-4DEE-A364-18E73B99DA92}.Release|Any CPU.Build.0 = Release|Any CPU
		{2C49A439-9651-4DEE-A364-18E73B99DA92}.Release|x64.ActiveCfg = Release|Any CPU
		{2C49A439-9651-4DEE-A364-18E73B99DA92}.Release|x64.Build.0 = Release|Any CPU
		{2C49A439-9651-4DEE-A364-18E73B99DA92}.Release|x86.ActiveCfg = Release|Any CPU
		{2C49A439-9651-4DEE-A364-18E73B99DA92}.Release|x86.Build.0 = Release|Any CPU
	EndGlobalSection
	GlobalSection(SolutionProperties) = preSolution
		HideSolutionNode = FALSE
	EndGlobalSection
EndGlobal
